Microsoft Visual Studio Solution File, Format Version 12.00
# Visual Studio Version 17
VisualStudioVersion = 17.5.2.0
MinimumVisualStudioVersion = 10.0.40219.1
Project("{2150E333-8FDC-42A3-9474-1A3956D46DE8}") = "PhishingDetector", "PhishingDetector", "{F5B7066A-E2E9-A869-A7E2-E3D1F5D09459}"
EndProject
Project("{2150E333-8FDC-42A3-9474-1A3956D46DE8}") = "src", "src", "{9D9B1AD4-C3F4-C2D8-16BE-BBB5E2762ACE}"
EndProject
Project("{FAE04EC0-301F-11D3-BF4B-00C04F79EFBC}") = "PhishingDetector.App", "PhishingDetector\src\PhishingDetector.App\PhishingDetector.App.csproj", "{EA2B340D-A41E-DC1F-170D-065CA1B7118F}"
EndProject
Global
	GlobalSection(SolutionConfigurationPlatforms) = preSolution
		Debug|Any CPU = Debug|Any CPU
		Release|Any CPU = Release|Any CPU
	EndGlobalSection
	GlobalSection(ProjectConfigurationPlatforms) = postSolution
		{EA2B340D-A41E-DC1F-170D-065CA1B7118F}.Debug|Any CPU.ActiveCfg = Debug|Any CPU
		{EA2B340D-A41E-DC1F-170D-065CA1B7118F}.Debug|Any CPU.Build.0 = Debug|Any CPU
		{EA2B340D-A41E-DC1F-170D-065CA1B7118F}.Release|Any CPU.ActiveCfg = Release|Any CPU
		{EA2B340D-A41E-DC1F-170D-065CA1B7118F}.Release|Any CPU.Build.0 = Release|Any CPU
	EndGlobalSection
	GlobalSection(SolutionProperties) = preSolution
		HideSolutionNode = FALSE
	EndGlobalSection
	GlobalSection(NestedProjects) = preSolution
		{9D9B1AD4-C3F4-C2D8-16BE-BBB5E2762ACE} = {F5B7066A-E2E9-A869-A7E2-E3D1F5D09459}
		{EA2B340D-A41E-DC1F-170D-065CA1B7118F} = {9D9B1AD4-C3F4-C2D8-16BE-BBB5E2762ACE}
	EndGlobalSection
	GlobalSection(ExtensibilityGlobals) = postSolution
		SolutionGuid = {1CEA5B7E-61C4-4159-9555-626F4D6DA3B2}
	EndGlobalSection
EndGlobal
